// !$*UTF8*$!
{
	archiveVersion = 1;
	classes = {
	};
	objectVersion = 50;
	objects = {

/* Begin PBXBuildFile section */
		04DA27F72911BA39002877AD /* AppDelegate.swift in Sources */ = {isa = PBXBuildFile; fileRef = 04DA27F62911BA39002877AD /* AppDelegate.swift */; };
		04DA27F92911BA39002877AD /* SceneDelegate.swift in Sources */ = {isa = PBXBuildFile; fileRef = 04DA27F82911BA39002877AD /* SceneDelegate.swift */; };
		04DA27FB2911BA39002877AD /* ViewController.swift in Sources */ = {isa = PBXBuildFile; fileRef = 04DA27FA2911BA39002877AD /* ViewController.swift */; };
		04DA27FE2911BA39002877AD /* Main.storyboard in Resources */ = {isa = PBXBuildFile; fileRef = 04DA27FC2911BA39002877AD /* Main.storyboard */; };
		04DA28002911BA3A002877AD /* Assets.xcassets in Resources */ = {isa = PBXBuildFile; fileRef = 04DA27FF2911BA3A002877AD /* Assets.xcassets */; };
		04DA28032911BA3A002877AD /* LaunchScreen.storyboard in Resources */ = {isa = PBXBuildFile; fileRef = 04DA28012911BA3A002877AD /* LaunchScreen.storyboard */; };
		04DA28142911CAA5002877AD /* SecondViewController.swift in Sources */ = {isa = PBXBuildFile; fileRef = 04DA28132911CAA5002877AD /* SecondViewController.swift */; };
		04DA28172911CD5F002877AD /* ThirdViewController.swift in Sources */ = {isa = PBXBuildFile; fileRef = 04DA28162911CD5F002877AD /* ThirdViewController.swift */; };
		04DA281B2911D81C002877AD /* ForthViewController.swift in Sources */ = {isa = PBXBuildFile; fileRef = 04DA281A2911D81C002877AD /* ForthViewController.swift */; };
/* End PBXBuildFile section */

/* Begin PBXFileReference section */
		04DA27F32911BA39002877AD /* TableViewCell.app */ = {isa = PBXFileReference; explicitFileType = wrapper.application; includeInIndex = 0; path = TableViewCell.app; sourceTree = BUILT_PRODUCTS_DIR; };
		04DA27F62911BA39002877AD /* AppDelegate.swift */ = {isa = PBXFileReference; lastKnownFileType = sourcecode.swift; path = AppDelegate.swift; sourceTree = "<group>"; };
		04DA27F82911BA39002877AD /* SceneDelegate.swift */ = {isa = PBXFileReference; lastKnownFileType = sourcecode.swift; path = SceneDelegate.swift; sourceTree = "<group>"; };
		04DA27FA2911BA39002877AD /* ViewController.swift */ = {isa = PBXFileReference; lastKnownFileType = sourcecode.swift; path = ViewController.swift; sourceTree = "<group>"; };
		04DA27FD2911BA39002877AD /* Base */ = {isa = PBXFileReference; lastKnownFileType = file.storyboard; name = Base; path = Base.lproj/Main.storyboard; sourceTree = "<group>"; };
		04DA27FF2911BA3A002877AD /* Assets.xcassets */ = {isa = PBXFileReference; lastKnownFileType = folder.assetcatalog; path = Assets.xcassets; sourceTree = "<group>"; };
		04DA28022911BA3A002877AD /* Base */ = {isa = PBXFileReference; lastKnownFileType = file.storyboard; name = Base; path = Base.lproj/LaunchScreen.storyboard; sourceTree = "<group>"; };
		04DA28042911BA3A002877AD /* Info.plist */ = {isa = PBXFileReference; lastKnownFileType = text.plist.xml; path = Info.plist; sourceTree = "<group>"; };
		04DA28132911CAA5002877AD /* SecondViewController.swift */ = {isa = PBXFileReference; lastKnownFileType = sourcecode.swift; path = SecondViewController.swift; sourceTree = "<group>"; };
		04DA28162911CD5F002877AD /* ThirdViewController.swift */ = {isa = PBXFileReference; lastKnownFileType = sourcecode.swift; path = ThirdViewController.swift; sourceTree = "<group>"; };
		04DA281A2911D81C002877AD /* ForthViewController.swift */ = {isa = PBXFileReference; lastKnownFileType = sourcecode.swift; path = ForthViewController.swift; sourceTree = "<group>"; };
/* End PBXFileReference section */

/* Begin PBXFrameworksBuildPhase section */
		04DA27F02911BA39002877AD /* Frameworks */ = {
			isa = PBXFrameworksBuildPhase;
			buildActionMask = 2147483647;
			files = (
			);
			runOnlyForDeploymentPostprocessing = 0;
		};
/* End PBXFrameworksBuildPhase section */

/* Begin PBXGroup section */
		04DA27EA2911BA39002877AD = {
			isa = PBXGroup;
			children = (
				04DA27F52911BA39002877AD /* TableViewCell */,
				04DA27F42911BA39002877AD /* Products */,
			);
			sourceTree = "<group>";
		};
		04DA27F42911BA39002877AD /* Products */ = {
			isa = PBXGroup;
			children = (
				04DA27F32911BA39002877AD /* TableViewCell.app */,
			);
			name = Products;
			sourceTree = "<group>";
		};
		04DA27F52911BA39002877AD /* TableViewCell */ = {
			isa = PBXGroup;
			children = (
				04DA27F62911BA39002877AD /* AppDelegate.swift */,
				04DA27F82911BA39002877AD /* SceneDelegate.swift */,
				04DA27FC2911BA39002877AD /* Main.storyboard */,
				04DA27FA2911BA39002877AD /* ViewController.swift */,
				04DA28132911CAA5002877AD /* SecondViewController.swift */,
				04DA28162911CD5F002877AD /* ThirdViewController.swift */,
				04DA281A2911D81C002877AD /* ForthViewController.swift */,
				04DA27FF2911BA3A002877AD /* Assets.xcassets */,
				04DA28012911BA3A002877AD /* LaunchScreen.storyboard */,
				04DA28042911BA3A002877AD /* Info.plist */,
			);
			path = TableViewCell;
			sourceTree = "<group>";
		};
/* End PBXGroup section */

/* Begin PBXNativeTarget section */
		04DA27F22911BA39002877AD /* TableViewCell */ = {
			isa = PBXNativeTarget;
			buildConfigurationList = 04DA28072911BA3A002877AD /* Build configuration list for PBXNativeTarget "TableViewCell" */;
			buildPhases = (
				04DA27EF2911BA39002877AD /* Sources */,
				04DA27F02911BA39002877AD /* Frameworks */,
				04DA27F12911BA39002877AD /* Resources */,
			);
			buildRules = (
			);
			dependencies = (
			);
			name = TableViewCell;
			productName = TableViewCell;
			productReference = 04DA27F32911BA39002877AD /* TableViewCell.app */;
			productType = "com.apple.product-type.application";
		};
/* End PBXNativeTarget section */

/* Begin PBXProject section */
		04DA27EB2911BA39002877AD /* Project object */ = {
			isa = PBXProject;
			attributes = {
				LastSwiftUpdateCheck = 1240;
				LastUpgradeCheck = 1240;
				TargetAttributes = {
					04DA27F22911BA39002877AD = {
						CreatedOnToolsVersion = 12.4;
					};
				};
			};
			buildConfigurationList = 04DA27EE2911BA39002877AD /* Build configuration list for PBXProject "TableViewCell" */;
			compatibilityVersion = "Xcode 9.3";
			developmentRegion = en;
			hasScannedForEncodings = 0;
			knownRegions = (
				en,
				Base,
			);
			mainGroup = 04DA27EA2911BA39002877AD;
			productRefGroup = 04DA27F42911BA39002877AD /* Products */;
			projectDirPath = "";
			projectRoot = "";
			targets = (
				04DA27F22911BA39002877AD /* TableViewCell */,
			);
		};
/* End PBXProject section */

/* Begin PBXResourcesBuildPhase section */
		04DA27F12911BA39002877AD /* Resources */ = {
			isa = PBXResourcesBuildPhase;
			buildActionMask = 2147483647;
			files = (
				04DA28032911BA3A002877AD /* LaunchScreen.storyboard in Resources */,
				04DA28002911BA3A002877AD /* Assets.xcassets in Resources */,
				04DA27FE2911BA39002877AD /* Main.storyboard in Resources */,
			);
			runOnlyForDeploymentPostprocessing = 0;
		};
/* End PBXResourcesBuildPhase section */

/* Begin PBXSourcesBuildPhase section */
		04DA27EF2911BA39002877AD /* Sources */ = {
			isa = PBXSourcesBuildPhase;
			buildActionMask = 2147483647;
			files = (
				04DA281B2911D81C002877AD /* ForthViewController.swift in Sources */,
				04DA28142911CAA5002877AD /* SecondViewController.swift in Sources */,
				04DA27FB2911BA39002877AD /* ViewController.swift in Sources */,
				04DA28172911CD5F002877AD /* ThirdViewController.swift in Sources */,
				04DA27F72911BA39002877AD /* AppDelegate.swift in Sources */,
				04DA27F92911BA39002877AD /* SceneDelegate.swift in Sources */,
			);
			runOnlyForDeploymentPostprocessing = 0;
		};
/* End PBXSourcesBuildPhase section */

/* Begin PBXVariantGroup section */
		04DA27FC2911BA39002877AD /* Main.storyboard */ = {
			isa = PBXVariantGroup;
			children = (
				04DA27FD2911BA39002877AD /* Base */,
			);
			name = Main.storyboard;
			sourceTree = "<group>";
		};
		04DA28012911BA3A002877AD /* LaunchScreen.storyboard */ = {
			isa = PBXVariantGroup;
			children = (
				04DA28022911BA3A002877AD /* Base */,
			);
			name = LaunchScreen.storyboard;
			sourceTree = "<group>";
		};
/* End PBXVariantGroup section */

/* Begin XCBuildConfiguration section */
		04DA28052911BA3A002877AD /* Debug */ = {
			isa = XCBuildConfiguration;
			buildSettings = {
				ALWAYS_SEARCH_USER_PATHS = NO;
				CLANG_ANALYZER_NONNULL = YES;
				CLANG_ANALYZER_NUMBER_OBJECT_CONVERSION = YES_AGGRESSIVE;
				CLANG_CXX_LANGUAGE_STANDARD = "gnu++14";
				CLANG_CXX_LIBRARY = "libc++";
				CLANG_ENABLE_MODULES = YES;
				CLANG_ENABLE_OBJC_ARC = YES;
				CLANG_ENABLE_OBJC_WEAK = YES;
				CLANG_WARN_BLOCK_CAPTURE_AUTORELEASING = YES;
				CLANG_WARN_BOOL_CONVERSION = YES;
				CLANG_WARN_COMMA = YES;
				CLANG_WARN_CONSTANT_CONVERSION = YES;
				CLANG_WARN_DEPRECATED_OBJC_IMPLEMENTATIONS = YES;
				CLANG_WARN_DIRECT_OBJC_ISA_USAGE = YES_ERROR;
				CLANG_WARN_DOCUMENTATION_COMMENTS = YES;
				CLANG_WARN_EMPTY_BODY = YES;
				CLANG_WARN_ENUM_CONVERSION = YES;
				CLANG_WARN_INFINITE_RECURSION = YES;
				CLANG_WARN_INT_CONVERSION = YES;
				CLANG_WARN_NON_LITERAL_NULL_CONVERSION = YES;
				CLANG_WARN_OBJC_IMPLICIT_RETAIN_SELF = YES;
				CLANG_WARN_OBJC_LITERAL_CONVERSION = YES;
				CLANG_WARN_OBJC_ROOT_CLASS = YES_ERROR;
				CLANG_WARN_QUOTED_INCLUDE_IN_FRAMEWORK_HEADER = YES;
				CLANG_WARN_RANGE_LOOP_ANALYSIS = YES;
				CLANG_WARN_STRICT_PROTOTYPES = YES;
				CLANG_WARN_SUSPICIOUS_MOVE = YES;
				CLANG_WARN_UNGUARDED_AVAILABILITY = YES_AGGRESSIVE;
				CLANG_WARN_UNREACHABLE_CODE = YES;
				CLANG_WARN__DUPLICATE_METHOD_MATCH = YES;
				COPY_PHASE_STRIP = NO;
				DEBUG_INFORMATION_FORMAT = dwarf;
				ENABLE_STRICT_OBJC_MSGSEND = YES;
				ENABLE_TESTABILITY = YES;
				GCC_C_LANGUAGE_STANDARD = gnu11;
				GCC_DYNAMIC_NO_PIC = NO;
				GCC_NO_COMMON_BLOCKS = YES;
				GCC_OPTIMIZATION_LEVEL = 0;
				GCC_PREPROCESSOR_DEFINITIONS = (
					"DEBUG=1",
					"$(inherited)",
				);
				GCC_WARN_64_TO_32_BIT_CONVERSION = YES;
				GCC_WARN_ABOUT_RETURN_TYPE = YES_ERROR;
				GCC_WARN_UNDECLARED_SELECTOR = YES;
				GCC_WARN_UNINITIALIZED_AUTOS = YES_AGGRESSIVE;
				GCC_WARN_UNUSED_FUNCTION = YES;
				GCC_WARN_UNUSED_VARIABLE = YES;
				IPHONEOS_DEPLOYMENT_TARGET = 14.4;
				MTL_ENABLE_DEBUG_INFO = INCLUDE_SOURCE;
				MTL_FAST_MATH = YES;
				ONLY_ACTIVE_ARCH = YES;
				SDKROOT = iphoneos;
				SWIFT_ACTIVE_COMPILATION_CONDITIONS = DEBUG;
				SWIFT_OPTIMIZATION_LEVEL = "-Onone";
			};
			name = Debug;
		};
		04DA28062911BA3A002877AD /* Release */ = {
			isa = XCBuildConfiguration;
			buildSettings = {
				ALWAYS_SEARCH_USER_PATHS = NO;
				CLANG_ANALYZER_NONNULL = YES;
				CLANG_ANALYZER_NUMBER_OBJECT_CONVERSION = YES_AGGRESSIVE;
				CLANG_CXX_LANGUAGE_STANDARD = "gnu++14";
				CLANG_CXX_LIBRARY = "libc++";
				CLANG_ENABLE_MODULES = YES;
				CLANG_ENABLE_OBJC_ARC = YES;
				CLANG_ENABLE_OBJC_WEAK = YES;
				CLANG_WARN_BLOCK_CAPTURE_AUTORELEASING = YES;
				CLANG_WARN_BOOL_CONVERSION = YES;
				CLANG_WARN_COMMA = YES;
				CLANG_WARN_CONSTANT_CONVERSION = YES;
				CLANG_WARN_DEPRECATED_OBJC_IMPLEMENTATIONS = YES;
				CLANG_WARN_DIRECT_OBJC_ISA_USAGE = YES_ERROR;
				CLANG_WARN_DOCUMENTATION_COMMENTS = YES;
				CLANG_WARN_EMPTY_BODY = YES;
				CLANG_WARN_ENUM_CONVERSION = YES;
				CLANG_WARN_INFINITE_RECURSION = YES;
				CLANG_WARN_INT_CONVERSION = YES;
				CLANG_WARN_NON_LITERAL_NULL_CONVERSION = YES;
				CLANG_WARN_OBJC_IMPLICIT_RETAIN_SELF = YES;
				CLANG_WARN_OBJC_LITERAL_CONVERSION = YES;
				CLANG_WARN_OBJC_ROOT_CLASS = YES_ERROR;
				CLANG_WARN_QUOTED_INCLUDE_IN_FRAMEWORK_HEADER = YES;
				CLANG_WARN_RANGE_LOOP_ANALYSIS = YES;
				CLANG_WARN_STRICT_PROTOTYPES = YES;
				CLANG_WARN_SUSPICIOUS_MOVE = YES;
				CLANG_WARN_UNGUARDED_AVAILABILITY = YES_AGGRESSIVE;
				CLANG_WARN_UNREACHABLE_CODE = YES;
				CLANG_WARN__DUPLICATE_METHOD_MATCH = YES;
				COPY_PHASE_STRIP = NO;
				DEBUG_INFORMATION_FORMAT = "dwarf-with-dsym";
				ENABLE_NS_ASSERTIONS = NO;
				ENABLE_STRICT_OBJC_MSGSEND = YES;
				GCC_C_LANGUAGE_STANDARD = gnu11;
				GCC_NO_COMMON_BLOCKS = YES;
				GCC_WARN_64_TO_32_BIT_CONVERSION = YES;
				GCC_WARN_ABOUT_RETURN_TYPE = YES_ERROR;
				GCC_WARN_UNDECLARED_SELECTOR = YES;
				GCC_WARN_UNINITIALIZED_AUTOS = YES_AGGRESSIVE;
				GCC_WARN_UNUSED_FUNCTION = YES;
				GCC_WARN_UNUSED_VARIABLE = YES;
				IPHONEOS_DEPLOYMENT_TARGET = 14.4;
				MTL_ENABLE_DEBUG_INFO = NO;
				MTL_FAST_MATH = YES;
				SDKROOT = iphoneos;
				SWIFT_COMPILATION_MODE = wholemodule;
				SWIFT_OPTIMIZATION_LEVEL = "-O";
				VALIDATE_PRODUCT = YES;
			};
			name = Release;
		};
		04DA28082911BA3A002877AD /* Debug */ = {
			isa = XCBuildConfiguration;
			buildSettings = {
				ASSETCATALOG_COMPILER_APPICON_NAME = AppIcon;
				ASSETCATALOG_COMPILER_GLOBAL_ACCENT_COLOR_NAME = AccentColor;
				CODE_SIGN_STYLE = Automatic;
				INFOPLIST_FILE = TableViewCell/Info.plist;
				LD_RUNPATH_SEARCH_PATHS = (
					"$(inherited)",
					"@executable_path/Frameworks",
				);
				PRODUCT_BUNDLE_IDENTIFIER = Bitcode.TableViewCell;
				PRODUCT_NAME = "$(TARGET_NAME)";
				SWIFT_VERSION = 5.0;
				TARGETED_DEVICE_FAMILY = "1,2";
			};
			name = Debug;
		};
		04DA28092911BA3A002877AD /* Release */ = {
			isa = XCBuildConfiguration;
			buildSettings = {
				ASSETCATALOG_COMPILER_APPICON_NAME = AppIcon;
				ASSETCATALOG_COMPILER_GLOBAL_ACCENT_COLOR_NAME = AccentColor;
				CODE_SIGN_STYLE = Automatic;
				INFOPLIST_FILE = TableViewCell/Info.plist;
				LD_RUNPATH_SEARCH_PATHS = (
					"$(inherited)",
					"@executable_path/Frameworks",
				);
				PRODUCT_BUNDLE_IDENTIFIER = Bitcode.TableViewCell;
				PRODUCT_NAME = "$(TARGET_NAME)";
				SWIFT_VERSION = 5.0;
				TARGETED_DEVICE_FAMILY = "1,2";
			};
			name = Release;
		};
/* End XCBuildConfiguration section */

/* Begin XCConfigurationList section */
		04DA27EE2911BA39002877AD /* Build configuration list for PBXProject "TableViewCell" */ = {
			isa = XCConfigurationList;
			buildConfigurations = (
				04DA28052911BA3A002877AD /* Debug */,
				04DA28062911BA3A002877AD /* Release */,
			);
			defaultConfigurationIsVisible = 0;
			defaultConfigurationName = Release;
		};
		04DA28072911BA3A002877AD /* Build configuration list for PBXNativeTarget "TableViewCell" */ = {
			isa = XCConfigurationList;
			buildConfigurations = (
				04DA28082911BA3A002877AD /* Debug */,
				04DA28092911BA3A002877AD /* Release */,
			);
			defaultConfigurationIsVisible = 0;
			defaultConfigurationName = Release;
		};
/* End XCConfigurationList section */
	};
	rootObject = 04DA27EB2911BA39002877AD /* Project object */;
}
